// !$*UTF8*$!
{
	archiveVersion = 1;
	classes = {
	};
	objectVersion = 55;
	objects = {

/* Begin PBXBuildFile section */
		BB95FB2F2829FF6F007F70FF /* AppDelegate.swift in Sources */ = {isa = PBXBuildFile; fileRef = BB95FB2E2829FF6F007F70FF /* AppDelegate.swift */; };
		BB95FB332829FF6F007F70FF /* ViewController.swift in Sources */ = {isa = PBXBuildFile; fileRef = BB95FB322829FF6F007F70FF /* ViewController.swift */; };
		BB95FB362829FF6F007F70FF /* Main.storyboard in Resources */ = {isa = PBXBuildFile; fileRef = BB95FB342829FF6F007F70FF /* Main.storyboard */; };
		BB95FB382829FF71007F70FF /* Assets.xcassets in Resources */ = {isa = PBXBuildFile; fileRef = BB95FB372829FF71007F70FF /* Assets.xcassets */; };
		BB95FB3B2829FF71007F70FF /* LaunchScreen.storyboard in Resources */ = {isa = PBXBuildFile; fileRef = BB95FB392829FF71007F70FF /* LaunchScreen.storyboard */; };
		BB95FB452829FFA9007F70FF /* MobileRTCResources.bundle in Resources */ = {isa = PBXBuildFile; fileRef = BB95FB432829FFA9007F70FF /* MobileRTCResources.bundle */; };
		BB95FB462829FFCF007F70FF /* MobileRTC.xcframework in Frameworks */ = {isa = PBXBuildFile; fileRef = BB95FB422829FFA9007F70FF /* MobileRTC.xcframework */; };
		BB95FB472829FFCF007F70FF /* MobileRTC.xcframework in Embed Frameworks */ = {isa = PBXBuildFile; fileRef = BB95FB422829FFA9007F70FF /* MobileRTC.xcframework */; settings = {ATTRIBUTES = (CodeSignOnCopy, RemoveHeadersOnCopy, ); }; };
		BBA78429282CC90000865605 /* CustomMeetingUIViewController.swift in Sources */ = {isa = PBXBuildFile; fileRef = BBA78428282CC90000865605 /* CustomMeetingUIViewController.swift */; };
		BBA7842C282CDF1F00865605 /* CustomView.storyboard in Resources */ = {isa = PBXBuildFile; fileRef = BBA7842B282CDF1F00865605 /* CustomView.storyboard */; };
		BBA78434282E4ECB00865605 /* MeetingDelegate.swift in Sources */ = {isa = PBXBuildFile; fileRef = BBA78433282E4ECB00865605 /* MeetingDelegate.swift */; };
		BBA78436282E676C00865605 /* File.swift in Sources */ = {isa = PBXBuildFile; fileRef = BBA78435282E676C00865605 /* File.swift */; };
/* End PBXBuildFile section */

/* Begin PBXCopyFilesBuildPhase section */
		BB95FB482829FFCF007F70FF /* Embed Frameworks */ = {
			isa = PBXCopyFilesBuildPhase;
			buildActionMask = 2147483647;
			dstPath = "";
			dstSubfolderSpec = 10;
			files = (
				BB95FB472829FFCF007F70FF /* MobileRTC.xcframework in Embed Frameworks */,
			);
			name = "Embed Frameworks";
			runOnlyForDeploymentPostprocessing = 0;
		};
/* End PBXCopyFilesBuildPhase section */

/* Begin PBXFileReference section */
		BB95FB2B2829FF6F007F70FF /* samplezoom.app */ = {isa = PBXFileReference; explicitFileType = wrapper.application; includeInIndex = 0; path = samplezoom.app; sourceTree = BUILT_PRODUCTS_DIR; };
		BB95FB2E2829FF6F007F70FF /* AppDelegate.swift */ = {isa = PBXFileReference; lastKnownFileType = sourcecode.swift; path = AppDelegate.swift; sourceTree = "<group>"; };
		BB95FB322829FF6F007F70FF /* ViewController.swift */ = {isa = PBXFileReference; lastKnownFileType = sourcecode.swift; path = ViewController.swift; sourceTree = "<group>"; };
		BB95FB352829FF6F007F70FF /* Base */ = {isa = PBXFileReference; lastKnownFileType = file.storyboard; name = Base; path = Base.lproj/Main.storyboard; sourceTree = "<group>"; };
		BB95FB372829FF71007F70FF /* Assets.xcassets */ = {isa = PBXFileReference; lastKnownFileType = folder.assetcatalog; path = Assets.xcassets; sourceTree = "<group>"; };
		BB95FB3A2829FF71007F70FF /* Base */ = {isa = PBXFileReference; lastKnownFileType = file.storyboard; name = Base; path = Base.lproj/LaunchScreen.storyboard; sourceTree = "<group>"; };
		BB95FB3C2829FF71007F70FF /* Info.plist */ = {isa = PBXFileReference; lastKnownFileType = text.plist.xml; path = Info.plist; sourceTree = "<group>"; };
		BB95FB422829FFA9007F70FF /* MobileRTC.xcframework */ = {isa = PBXFileReference; lastKnownFileType = wrapper.xcframework; path = MobileRTC.xcframework; sourceTree = "<group>"; };
		BB95FB432829FFA9007F70FF /* MobileRTCResources.bundle */ = {isa = PBXFileReference; lastKnownFileType = "wrapper.plug-in"; path = MobileRTCResources.bundle; sourceTree = "<group>"; };
		BBA78428282CC90000865605 /* CustomMeetingUIViewController.swift */ = {isa = PBXFileReference; lastKnownFileType = sourcecode.swift; path = CustomMeetingUIViewController.swift; sourceTree = "<group>"; };
		BBA7842B282CDF1F00865605 /* CustomView.storyboard */ = {isa = PBXFileReference; lastKnownFileType = file.storyboard; path = CustomView.storyboard; sourceTree = "<group>"; };
		BBA78433282E4ECB00865605 /* MeetingDelegate.swift */ = {isa = PBXFileReference; lastKnownFileType = sourcecode.swift; path = MeetingDelegate.swift; sourceTree = "<group>"; };
		BBA78435282E676C00865605 /* File.swift */ = {isa = PBXFileReference; lastKnownFileType = sourcecode.swift; path = File.swift; sourceTree = "<group>"; };
/* End PBXFileReference section */

/* Begin PBXFrameworksBuildPhase section */
		BB95FB282829FF6F007F70FF /* Frameworks */ = {
			isa = PBXFrameworksBuildPhase;
			buildActionMask = 2147483647;
			files = (
				BB95FB462829FFCF007F70FF /* MobileRTC.xcframework in Frameworks */,
			);
			runOnlyForDeploymentPostprocessing = 0;
		};
/* End PBXFrameworksBuildPhase section */

/* Begin PBXGroup section */
		BB95FB222829FF6F007F70FF = {
			isa = PBXGroup;
			children = (
				BB95FB2D2829FF6F007F70FF /* samplezoom */,
				BB95FB2C2829FF6F007F70FF /* Products */,
			);
			sourceTree = "<group>";
		};
		BB95FB2C2829FF6F007F70FF /* Products */ = {
			isa = PBXGroup;
			children = (
				BB95FB2B2829FF6F007F70FF /* samplezoom.app */,
			);
			name = Products;
			sourceTree = "<group>";
		};
		BB95FB2D2829FF6F007F70FF /* samplezoom */ = {
			isa = PBXGroup;
			children = (
				BB95FB2E2829FF6F007F70FF /* AppDelegate.swift */,
				BB95FB322829FF6F007F70FF /* ViewController.swift */,
				BB95FB342829FF6F007F70FF /* Main.storyboard */,
				BB95FB372829FF71007F70FF /* Assets.xcassets */,
				BB95FB392829FF71007F70FF /* LaunchScreen.storyboard */,
				BB95FB3C2829FF71007F70FF /* Info.plist */,
				BB95FB422829FFA9007F70FF /* MobileRTC.xcframework */,
				BB95FB432829FFA9007F70FF /* MobileRTCResources.bundle */,
				BBA78428282CC90000865605 /* CustomMeetingUIViewController.swift */,
				BBA7842B282CDF1F00865605 /* CustomView.storyboard */,
				BBA78433282E4ECB00865605 /* MeetingDelegate.swift */,
				BBA78435282E676C00865605 /* File.swift */,
			);
			path = samplezoom;
			sourceTree = "<group>";
		};
/* End PBXGroup section */

/* Begin PBXNativeTarget section */
		BB95FB2A2829FF6F007F70FF /* samplezoom */ = {
			isa = PBXNativeTarget;
			buildConfigurationList = BB95FB3F2829FF71007F70FF /* Build configuration list for PBXNativeTarget "samplezoom" */;
			buildPhases = (
				BB95FB272829FF6F007F70FF /* Sources */,
				BB95FB282829FF6F007F70FF /* Frameworks */,
				BB95FB292829FF6F007F70FF /* Resources */,
				BB95FB482829FFCF007F70FF /* Embed Frameworks */,
			);
			buildRules = (
			);
			dependencies = (
			);
			name = samplezoom;
			productName = samplezoom;
			productReference = BB95FB2B2829FF6F007F70FF /* samplezoom.app */;
			productType = "com.apple.product-type.application";
		};
/* End PBXNativeTarget section */

/* Begin PBXProject section */
		BB95FB232829FF6F007F70FF /* Project object */ = {
			isa = PBXProject;
			attributes = {
				BuildIndependentTargetsInParallel = 1;
				LastSwiftUpdateCheck = 1330;
				LastUpgradeCheck = 1330;
				TargetAttributes = {
					BB95FB2A2829FF6F007F70FF = {
						CreatedOnToolsVersion = 13.3.1;
					};
				};
			};
			buildConfigurationList = BB95FB262829FF6F007F70FF /* Build configuration list for PBXProject "samplezoom" */;
			compatibilityVersion = "Xcode 13.0";
			developmentRegion = en;
			hasScannedForEncodings = 0;
			knownRegions = (
				en,
				Base,
			);
			mainGroup = BB95FB222829FF6F007F70FF;
			productRefGroup = BB95FB2C2829FF6F007F70FF /* Products */;
			projectDirPath = "";
			projectRoot = "";
			targets = (
				BB95FB2A2829FF6F007F70FF /* samplezoom */,
			);
		};
/* End PBXProject section */

/* Begin PBXResourcesBuildPhase section */
		BB95FB292829FF6F007F70FF /* Resources */ = {
			isa = PBXResourcesBuildPhase;
			buildActionMask = 2147483647;
			files = (
				BBA7842C282CDF1F00865605 /* CustomView.storyboard in Resources */,
				BB95FB3B2829FF71007F70FF /* LaunchScreen.storyboard in Resources */,
				BB95FB452829FFA9007F70FF /* MobileRTCResources.bundle in Resources */,
				BB95FB382829FF71007F70FF /* Assets.xcassets in Resources */,
				BB95FB362829FF6F007F70FF /* Main.storyboard in Resources */,
			);
			runOnlyForDeploymentPostprocessing = 0;
		};
/* End PBXResourcesBuildPhase section */

/* Begin PBXSourcesBuildPhase section */
		BB95FB272829FF6F007F70FF /* Sources */ = {
			isa = PBXSourcesBuildPhase;
			buildActionMask = 2147483647;
			files = (
				BBA78436282E676C00865605 /* File.swift in Sources */,
				BBA78434282E4ECB00865605 /* MeetingDelegate.swift in Sources */,
				BB95FB332829FF6F007F70FF /* ViewController.swift in Sources */,
				BBA78429282CC90000865605 /* CustomMeetingUIViewController.swift in Sources */,
				BB95FB2F2829FF6F007F70FF /* AppDelegate.swift in Sources */,
			);
			runOnlyForDeploymentPostprocessing = 0;
		};
/* End PBXSourcesBuildPhase section */

/* Begin PBXVariantGroup section */
		BB95FB342829FF6F007F70FF /* Main.storyboard */ = {
			isa = PBXVariantGroup;
			children = (
				BB95FB352829FF6F007F70FF /* Base */,
			);
			name = Main.storyboard;
			sourceTree = "<group>";
		};
		BB95FB392829FF71007F70FF /* LaunchScreen.storyboard */ = {
			isa = PBXVariantGroup;
			children = (
				BB95FB3A2829FF71007F70FF /* Base */,
			);
			name = LaunchScreen.storyboard;
			sourceTree = "<group>";
		};
/* End PBXVariantGroup section */

/* Begin XCBuildConfiguration section */
		BB95FB3D2829FF71007F70FF /* Debug */ = {
			isa = XCBuildConfiguration;
			buildSettings = {
				ALWAYS_SEARCH_USER_PATHS = NO;
				CLANG_ANALYZER_NONNULL = YES;
				CLANG_ANALYZER_NUMBER_OBJECT_CONVERSION = YES_AGGRESSIVE;
				CLANG_CXX_LANGUAGE_STANDARD = "gnu++17";
				CLANG_ENABLE_MODULES = YES;
				CLANG_ENABLE_OBJC_ARC = YES;
				CLANG_ENABLE_OBJC_WEAK = YES;
				CLANG_WARN_BLOCK_CAPTURE_AUTORELEASING = YES;
				CLANG_WARN_BOOL_CONVERSION = YES;
				CLANG_WARN_COMMA = YES;
				CLANG_WARN_CONSTANT_CONVERSION = YES;
				CLANG_WARN_DEPRECATED_OBJC_IMPLEMENTATIONS = YES;
				CLANG_WARN_DIRECT_OBJC_ISA_USAGE = YES_ERROR;
				CLANG_WARN_DOCUMENTATION_COMMENTS = YES;
				CLANG_WARN_EMPTY_BODY = YES;
				CLANG_WARN_ENUM_CONVERSION = YES;
				CLANG_WARN_INFINITE_RECURSION = YES;
				CLANG_WARN_INT_CONVERSION = YES;
				CLANG_WARN_NON_LITERAL_NULL_CONVERSION = YES;
				CLANG_WARN_OBJC_IMPLICIT_RETAIN_SELF = YES;
				CLANG_WARN_OBJC_LITERAL_CONVERSION = YES;
				CLANG_WARN_OBJC_ROOT_CLASS = YES_ERROR;
				CLANG_WARN_QUOTED_INCLUDE_IN_FRAMEWORK_HEADER = YES;
				CLANG_WARN_RANGE_LOOP_ANALYSIS = YES;
				CLANG_WARN_STRICT_PROTOTYPES = YES;
				CLANG_WARN_SUSPICIOUS_MOVE = YES;
				CLANG_WARN_UNGUARDED_AVAILABILITY = YES_AGGRESSIVE;
				CLANG_WARN_UNREACHABLE_CODE = YES;
				CLANG_WARN__DUPLICATE_METHOD_MATCH = YES;
				COPY_PHASE_STRIP = NO;
				DEBUG_INFORMATION_FORMAT = dwarf;
				ENABLE_BITCODE = NO;
				ENABLE_STRICT_OBJC_MSGSEND = YES;
				ENABLE_TESTABILITY = YES;
				GCC_C_LANGUAGE_STANDARD = gnu11;
				GCC_DYNAMIC_NO_PIC = NO;
				GCC_NO_COMMON_BLOCKS = YES;
				GCC_OPTIMIZATION_LEVEL = 0;
				GCC_PREPROCESSOR_DEFINITIONS = (
					"DEBUG=1",
					"$(inherited)",
				);
				GCC_WARN_64_TO_32_BIT_CONVERSION = YES;
				GCC_WARN_ABOUT_RETURN_TYPE = YES_ERROR;
				GCC_WARN_UNDECLARED_SELECTOR = YES;
				GCC_WARN_UNINITIALIZED_AUTOS = YES_AGGRESSIVE;
				GCC_WARN_UNUSED_FUNCTION = YES;
				GCC_WARN_UNUSED_VARIABLE = YES;
				IPHONEOS_DEPLOYMENT_TARGET = 9.0;
				MTL_ENABLE_DEBUG_INFO = INCLUDE_SOURCE;
				MTL_FAST_MATH = YES;
				ONLY_ACTIVE_ARCH = YES;
				OTHER_LDFLAGS = "-ObjC";
				SDKROOT = iphoneos;
				SWIFT_ACTIVE_COMPILATION_CONDITIONS = DEBUG;
				SWIFT_OPTIMIZATION_LEVEL = "-Onone";
			};
			name = Debug;
		};
		BB95FB3E2829FF71007F70FF /* Release */ = {
			isa = XCBuildConfiguration;
			buildSettings = {
				ALWAYS_SEARCH_USER_PATHS = NO;
				CLANG_ANALYZER_NONNULL = YES;
				CLANG_ANALYZER_NUMBER_OBJECT_CONVERSION = YES_AGGRESSIVE;
				CLANG_CXX_LANGUAGE_STANDARD = "gnu++17";
				CLANG_ENABLE_MODULES = YES;
				CLANG_ENABLE_OBJC_ARC = YES;
				CLANG_ENABLE_OBJC_WEAK = YES;
				CLANG_WARN_BLOCK_CAPTURE_AUTORELEASING = YES;
				CLANG_WARN_BOOL_CONVERSION = YES;
				CLANG_WARN_COMMA = YES;
				CLANG_WARN_CONSTANT_CONVERSION = YES;
				CLANG_WARN_DEPRECATED_OBJC_IMPLEMENTATIONS = YES;
				CLANG_WARN_DIRECT_OBJC_ISA_USAGE = YES_ERROR;
				CLANG_WARN_DOCUMENTATION_COMMENTS = YES;
				CLANG_WARN_EMPTY_BODY = YES;
				CLANG_WARN_ENUM_CONVERSION = YES;
				CLANG_WARN_INFINITE_RECURSION = YES;
				CLANG_WARN_INT_CONVERSION = YES;
				CLANG_WARN_NON_LITERAL_NULL_CONVERSION = YES;
				CLANG_WARN_OBJC_IMPLICIT_RETAIN_SELF = YES;
				CLANG_WARN_OBJC_LITERAL_CONVERSION = YES;
				CLANG_WARN_OBJC_ROOT_CLASS = YES_ERROR;
				CLANG_WARN_QUOTED_INCLUDE_IN_FRAMEWORK_HEADER = YES;
				CLANG_WARN_RANGE_LOOP_ANALYSIS = YES;
				CLANG_WARN_STRICT_PROTOTYPES = YES;
				CLANG_WARN_SUSPICIOUS_MOVE = YES;
				CLANG_WARN_UNGUARDED_AVAILABILITY = YES_AGGRESSIVE;
				CLANG_WARN_UNREACHABLE_CODE = YES;
				CLANG_WARN__DUPLICATE_METHOD_MATCH = YES;
				COPY_PHASE_STRIP = NO;
				DEBUG_INFORMATION_FORMAT = "dwarf-with-dsym";
				ENABLE_BITCODE = NO;
				ENABLE_NS_ASSERTIONS = NO;
				ENABLE_STRICT_OBJC_MSGSEND = YES;
				GCC_C_LANGUAGE_STANDARD = gnu11;
				GCC_NO_COMMON_BLOCKS = YES;
				GCC_WARN_64_TO_32_BIT_CONVERSION = YES;
				GCC_WARN_ABOUT_RETURN_TYPE = YES_ERROR;
				GCC_WARN_UNDECLARED_SELECTOR = YES;
				GCC_WARN_UNINITIALIZED_AUTOS = YES_AGGRESSIVE;
				GCC_WARN_UNUSED_FUNCTION = YES;
				GCC_WARN_UNUSED_VARIABLE = YES;
				IPHONEOS_DEPLOYMENT_TARGET = 9.0;
				MTL_ENABLE_DEBUG_INFO = NO;
				MTL_FAST_MATH = YES;
				OTHER_LDFLAGS = "-ObjC";
				SDKROOT = iphoneos;
				SWIFT_COMPILATION_MODE = wholemodule;
				SWIFT_OPTIMIZATION_LEVEL = "-O";
				VALIDATE_PRODUCT = YES;
			};
			name = Release;
		};
		BB95FB402829FF71007F70FF /* Debug */ = {
			isa = XCBuildConfiguration;
			buildSettings = {
				ASSETCATALOG_COMPILER_APPICON_NAME = AppIcon;
				ASSETCATALOG_COMPILER_GLOBAL_ACCENT_COLOR_NAME = AccentColor;
				CODE_SIGN_IDENTITY = "Apple Development";
				CODE_SIGN_STYLE = Automatic;
				CURRENT_PROJECT_VERSION = 1;
				DEVELOPMENT_TEAM = BM7XDAK6P3;
				GENERATE_INFOPLIST_FILE = YES;
				INFOPLIST_FILE = samplezoom/Info.plist;
				INFOPLIST_KEY_UIApplicationSupportsIndirectInputEvents = YES;
				INFOPLIST_KEY_UILaunchStoryboardName = LaunchScreen;
				INFOPLIST_KEY_UIMainStoryboardFile = Main;
				INFOPLIST_KEY_UISupportedInterfaceOrientations_iPad = "UIInterfaceOrientationPortrait UIInterfaceOrientationPortraitUpsideDown UIInterfaceOrientationLandscapeLeft UIInterfaceOrientationLandscapeRight";
				INFOPLIST_KEY_UISupportedInterfaceOrientations_iPhone = "UIInterfaceOrientationPortrait UIInterfaceOrientationLandscapeLeft UIInterfaceOrientationLandscapeRight";
				LD_RUNPATH_SEARCH_PATHS = (
					"$(inherited)",
					"@executable_path/Frameworks",
				);
				MARKETING_VERSION = 1.0;
				PRODUCT_BUNDLE_IDENTIFIER = com.jonathantri.samplezoom;
				PRODUCT_NAME = "$(TARGET_NAME)";
				PROVISIONING_PROFILE_SPECIFIER = "";
				SWIFT_EMIT_LOC_STRINGS = YES;
				SWIFT_VERSION = 5.0;
				TARGETED_DEVICE_FAMILY = "1,2";
			};
			name = Debug;
		};
		BB95FB412829FF71007F70FF /* Release */ = {
			isa = XCBuildConfiguration;
			buildSettings = {
				ASSETCATALOG_COMPILER_APPICON_NAME = AppIcon;
				ASSETCATALOG_COMPILER_GLOBAL_ACCENT_COLOR_NAME = AccentColor;
				CODE_SIGN_IDENTITY = "Apple Development";
				CODE_SIGN_STYLE = Automatic;
				CURRENT_PROJECT_VERSION = 1;
				DEVELOPMENT_TEAM = BM7XDAK6P3;
				GENERATE_INFOPLIST_FILE = YES;
				INFOPLIST_FILE = samplezoom/Info.plist;
				INFOPLIST_KEY_UIApplicationSupportsIndirectInputEvents = YES;
				INFOPLIST_KEY_UILaunchStoryboardName = LaunchScreen;
				INFOPLIST_KEY_UIMainStoryboardFile = Main;
				INFOPLIST_KEY_UISupportedInterfaceOrientations_iPad = "UIInterfaceOrientationPortrait UIInterfaceOrientationPortraitUpsideDown UIInterfaceOrientationLandscapeLeft UIInterfaceOrientationLandscapeRight";
				INFOPLIST_KEY_UISupportedInterfaceOrientations_iPhone = "UIInterfaceOrientationPortrait UIInterfaceOrientationLandscapeLeft UIInterfaceOrientationLandscapeRight";
				LD_RUNPATH_SEARCH_PATHS = (
					"$(inherited)",
					"@executable_path/Frameworks",
				);
				MARKETING_VERSION = 1.0;
				PRODUCT_BUNDLE_IDENTIFIER = com.jonathantri.samplezoom;
				PRODUCT_NAME = "$(TARGET_NAME)";
				PROVISIONING_PROFILE_SPECIFIER = "";
				SWIFT_EMIT_LOC_STRINGS = YES;
				SWIFT_VERSION = 5.0;
				TARGETED_DEVICE_FAMILY = "1,2";
			};
			name = Release;
		};
/* End XCBuildConfiguration section */

/* Begin XCConfigurationList section */
		BB95FB262829FF6F007F70FF /* Build configuration list for PBXProject "samplezoom" */ = {
			isa = XCConfigurationList;
			buildConfigurations = (
				BB95FB3D2829FF71007F70FF /* Debug */,
				BB95FB3E2829FF71007F70FF /* Release */,
			);
			defaultConfigurationIsVisible = 0;
			defaultConfigurationName = Release;
		};
		BB95FB3F2829FF71007F70FF /* Build configuration list for PBXNativeTarget "samplezoom" */ = {
			isa = XCConfigurationList;
			buildConfigurations = (
				BB95FB402829FF71007F70FF /* Debug */,
				BB95FB412829FF71007F70FF /* Release */,
			);
			defaultConfigurationIsVisible = 0;
			defaultConfigurationName = Release;
		};
/* End XCConfigurationList section */
	};
	rootObject = BB95FB232829FF6F007F70FF /* Project object */;
}
